// !$*UTF8*$!
{
	archiveVersion = 1;
	classes = {
	};
	objectVersion = 46;
	objects = {

/* Begin PBXBuildFile section */
		C5B19D231A5918A700E26A70 /* FBMapViewController.m in Sources */ = {isa = PBXBuildFile; fileRef = C5B19D221A5918A700E26A70 /* FBMapViewController.m */; };
		C5C426321A52559E00044734 /* main.m in Sources */ = {isa = PBXBuildFile; fileRef = C5C426311A52559E00044734 /* main.m */; };
		C5C426351A52559E00044734 /* AppDelegate.mm in Sources */ = {isa = PBXBuildFile; fileRef = C5C426341A52559E00044734 /* AppDelegate.mm */; };
		C5C426381A52559E00044734 /* ViewController.m in Sources */ = {isa = PBXBuildFile; fileRef = C5C426371A52559E00044734 /* ViewController.m */; };
		C5C4263B1A52559E00044734 /* Main.storyboard in Resources */ = {isa = PBXBuildFile; fileRef = C5C426391A52559E00044734 /* Main.storyboard */; };
		C5C4263D1A52559E00044734 /* Images.xcassets in Resources */ = {isa = PBXBuildFile; fileRef = C5C4263C1A52559E00044734 /* Images.xcassets */; };
		C5C426401A52559E00044734 /* LaunchScreen.xib in Resources */ = {isa = PBXBuildFile; fileRef = C5C4263E1A52559E00044734 /* LaunchScreen.xib */; };
		C5C4264C1A52559E00044734 /* FBMapToolTests.m in Sources */ = {isa = PBXBuildFile; fileRef = C5C4264B1A52559E00044734 /* FBMapToolTests.m */; };
		C5C4269C1A527BC600044734 /* libbaidumapapi.a in Frameworks */ = {isa = PBXBuildFile; fileRef = C5C426991A527BC600044734 /* libbaidumapapi.a */; };
		C5C4269D1A527BC600044734 /* mapapi.bundle in Resources */ = {isa = PBXBuildFile; fileRef = C5C4269A1A527BC600044734 /* mapapi.bundle */; };
		C5C4269E1A527BC600044734 /* readme.txt in Resources */ = {isa = PBXBuildFile; fileRef = C5C4269B1A527BC600044734 /* readme.txt */; };
		C5C426A71A527CDF00044734 /* SystemConfiguration.framework in Frameworks */ = {isa = PBXBuildFile; fileRef = C5C426A61A527CDF00044734 /* SystemConfiguration.framework */; };
		C5C426A81A527CF400044734 /* OpenGLES.framework in Frameworks */ = {isa = PBXBuildFile; fileRef = C5C426A31A527C6200044734 /* OpenGLES.framework */; };
		C5C426A91A527CFD00044734 /* QuartzCore.framework in Frameworks */ = {isa = PBXBuildFile; fileRef = C5C426A11A527C5500044734 /* QuartzCore.framework */; };
		C5C426AA1A527D0800044734 /* CoreLocation.framework in Frameworks */ = {isa = PBXBuildFile; fileRef = C5C4269F1A527C4900044734 /* CoreLocation.framework */; };
		C5C426AC1A527D2100044734 /* CoreGraphics.framework in Frameworks */ = {isa = PBXBuildFile; fileRef = C5C426AB1A527D2100044734 /* CoreGraphics.framework */; };
		C5C426AE1A527D2E00044734 /* Security.framework in Frameworks */ = {isa = PBXBuildFile; fileRef = C5C426AD1A527D2E00044734 /* Security.framework */; };
		C5C426B21A527F1E00044734 /* FBUtils.m in Sources */ = {isa = PBXBuildFile; fileRef = C5C426B01A527F1E00044734 /* FBUtils.m */; };
/* End PBXBuildFile section */

/* Begin PBXContainerItemProxy section */
		C5C426461A52559E00044734 /* PBXContainerItemProxy */ = {
			isa = PBXContainerItemProxy;
			containerPortal = C5C426241A52559E00044734 /* Project object */;
			proxyType = 1;
			remoteGlobalIDString = C5C4262B1A52559E00044734;
			remoteInfo = FBMapTool;
		};
/* End PBXContainerItemProxy section */

/* Begin PBXFileReference section */
		C5B19D211A5918A700E26A70 /* FBMapViewController.h */ = {isa = PBXFileReference; fileEncoding = 4; lastKnownFileType = sourcecode.c.h; path = FBMapViewController.h; sourceTree = "<group>"; };
		C5B19D221A5918A700E26A70 /* FBMapViewController.m */ = {isa = PBXFileReference; fileEncoding = 4; lastKnownFileType = sourcecode.c.objc; path = FBMapViewController.m; sourceTree = "<group>"; };
		C5C4262C1A52559E00044734 /* FBMapTool.app */ = {isa = PBXFileReference; explicitFileType = wrapper.application; includeInIndex = 0; path = FBMapTool.app; sourceTree = BUILT_PRODUCTS_DIR; };
		C5C426301A52559E00044734 /* Info.plist */ = {isa = PBXFileReference; lastKnownFileType = text.plist.xml; path = Info.plist; sourceTree = "<group>"; };
		C5C426311A52559E00044734 /* main.m */ = {isa = PBXFileReference; lastKnownFileType = sourcecode.c.objc; path = main.m; sourceTree = "<group>"; };
		C5C426331A52559E00044734 /* AppDelegate.h */ = {isa = PBXFileReference; lastKnownFileType = sourcecode.c.h; path = AppDelegate.h; sourceTree = "<group>"; };
		C5C426341A52559E00044734 /* AppDelegate.mm */ = {isa = PBXFileReference; lastKnownFileType = sourcecode.cpp.objcpp; path = AppDelegate.mm; sourceTree = "<group>"; };
		C5C426361A52559E00044734 /* ViewController.h */ = {isa = PBXFileReference; lastKnownFileType = sourcecode.c.h; path = ViewController.h; sourceTree = "<group>"; };
		C5C426371A52559E00044734 /* ViewController.m */ = {isa = PBXFileReference; lastKnownFileType = sourcecode.c.objc; path = ViewController.m; sourceTree = "<group>"; };
		C5C4263A1A52559E00044734 /* Base */ = {isa = PBXFileReference; lastKnownFileType = file.storyboard; name = Base; path = Base.lproj/Main.storyboard; sourceTree = "<group>"; };
		C5C4263C1A52559E00044734 /* Images.xcassets */ = {isa = PBXFileReference; lastKnownFileType = folder.assetcatalog; path = Images.xcassets; sourceTree = "<group>"; };
		C5C4263F1A52559E00044734 /* Base */ = {isa = PBXFileReference; lastKnownFileType = file.xib; name = Base; path = Base.lproj/LaunchScreen.xib; sourceTree = "<group>"; };
		C5C426451A52559E00044734 /* FBMapToolTests.xctest */ = {isa = PBXFileReference; explicitFileType = wrapper.cfbundle; includeInIndex = 0; path = FBMapToolTests.xctest; sourceTree = BUILT_PRODUCTS_DIR; };
		C5C4264A1A52559E00044734 /* Info.plist */ = {isa = PBXFileReference; lastKnownFileType = text.plist.xml; path = Info.plist; sourceTree = "<group>"; };
		C5C4264B1A52559E00044734 /* FBMapToolTests.m */ = {isa = PBXFileReference; lastKnownFileType = sourcecode.c.objc; path = FBMapToolTests.m; sourceTree = "<group>"; };
		C5C426551A52598E00044734 /* zh-Hans */ = {isa = PBXFileReference; lastKnownFileType = text.plist.strings; name = "zh-Hans"; path = "zh-Hans.lproj/Main.strings"; sourceTree = "<group>"; };
		C5C426561A52598E00044734 /* zh-Hans */ = {isa = PBXFileReference; lastKnownFileType = text.plist.strings; name = "zh-Hans"; path = "zh-Hans.lproj/LaunchScreen.strings"; sourceTree = "<group>"; };
		C5C4265C1A527BC600044734 /* BMapKit.h */ = {isa = PBXFileReference; fileEncoding = 4; lastKnownFileType = sourcecode.c.h; path = BMapKit.h; sourceTree = "<group>"; };
		C5C4265D1A527BC600044734 /* BMKActionPaopaoView.h */ = {isa = PBXFileReference; fileEncoding = 4; lastKnownFileType = sourcecode.c.h; path = BMKActionPaopaoView.h; sourceTree = "<group>"; };
		C5C4265E1A527BC600044734 /* BMKAnnotation.h */ = {isa = PBXFileReference; fileEncoding = 4; lastKnownFileType = sourcecode.c.h; path = BMKAnnotation.h; sourceTree = "<group>"; };
		C5C4265F1A527BC600044734 /* BMKAnnotationView.h */ = {isa = PBXFileReference; fileEncoding = 4; lastKnownFileType = sourcecode.c.h; path = BMKAnnotationView.h; sourceTree = "<group>"; };
		C5C426601A527BC600044734 /* BMKArcline.h */ = {isa = PBXFileReference; fileEncoding = 4; lastKnownFileType = sourcecode.c.h; path = BMKArcline.h; sourceTree = "<group>"; };
		C5C426611A527BC600044734 /* BMKArclineView.h */ = {isa = PBXFileReference; fileEncoding = 4; lastKnownFileType = sourcecode.c.h; path = BMKArclineView.h; sourceTree = "<group>"; };
		C5C426621A527BC600044734 /* BMKBaseComponent.h */ = {isa = PBXFileReference; fileEncoding = 4; lastKnownFileType = sourcecode.c.h; path = BMKBaseComponent.h; sourceTree = "<group>"; };
		C5C426631A527BC600044734 /* BMKBusLineSearch.h */ = {isa = PBXFileReference; fileEncoding = 4; lastKnownFileType = sourcecode.c.h; path = BMKBusLineSearch.h; sourceTree = "<group>"; };
		C5C426641A527BC600044734 /* BMKBusLineSearchOption.h */ = {isa = PBXFileReference; fileEncoding = 4; lastKnownFileType = sourcecode.c.h; path = BMKBusLineSearchOption.h; sourceTree = "<group>"; };
		C5C426651A527BC600044734 /* BMKCircle.h */ = {isa = PBXFileReference; fileEncoding = 4; lastKnownFileType = sourcecode.c.h; path = BMKCircle.h; sourceTree = "<group>"; };
		C5C426661A527BC600044734 /* BMKCircleView.h */ = {isa = PBXFileReference; fileEncoding = 4; lastKnownFileType = sourcecode.c.h; path = BMKCircleView.h; sourceTree = "<group>"; };
		C5C426671A527BC600044734 /* BMKCloudPOIList.h */ = {isa = PBXFileReference; fileEncoding = 4; lastKnownFileType = sourcecode.c.h; path = BMKCloudPOIList.h; sourceTree = "<group>"; };
		C5C426681A527BC600044734 /* BMKCloudSearch.h */ = {isa = PBXFileReference; fileEncoding = 4; lastKnownFileType = sourcecode.c.h; path = BMKCloudSearch.h; sourceTree = "<group>"; };
		C5C426691A527BC600044734 /* BMKCloudSearchComponent.h */ = {isa = PBXFileReference; fileEncoding = 4; lastKnownFileType = sourcecode.c.h; path = BMKCloudSearchComponent.h; sourceTree = "<group>"; };
		C5C4266A1A527BC600044734 /* BMKCloudSearchInfo.h */ = {isa = PBXFileReference; fileEncoding = 4; lastKnownFileType = sourcecode.c.h; path = BMKCloudSearchInfo.h; sourceTree = "<group>"; };
		C5C4266B1A527BC600044734 /* BMKGeneralDelegate.h */ = {isa = PBXFileReference; fileEncoding = 4; lastKnownFileType = sourcecode.c.h; path = BMKGeneralDelegate.h; sourceTree = "<group>"; };
		C5C4266C1A527BC600044734 /* BMKGeocodeSearch.h */ = {isa = PBXFileReference; fileEncoding = 4; lastKnownFileType = sourcecode.c.h; path = BMKGeocodeSearch.h; sourceTree = "<group>"; };
		C5C4266D1A527BC600044734 /* BMKGeocodeSearchOption.h */ = {isa = PBXFileReference; fileEncoding = 4; lastKnownFileType = sourcecode.c.h; path = BMKGeocodeSearchOption.h; sourceTree = "<group>"; };
		C5C4266E1A527BC600044734 /* BMKGeocodeType.h */ = {isa = PBXFileReference; fileEncoding = 4; lastKnownFileType = sourcecode.c.h; path = BMKGeocodeType.h; sourceTree = "<group>"; };
		C5C4266F1A527BC600044734 /* BMKGeometry.h */ = {isa = PBXFileReference; fileEncoding = 4; lastKnownFileType = sourcecode.c.h; path = BMKGeometry.h; sourceTree = "<group>"; };
		C5C426701A527BC600044734 /* BMKGradient.h */ = {isa = PBXFileReference; fileEncoding = 4; lastKnownFileType = sourcecode.c.h; path = BMKGradient.h; sourceTree = "<group>"; };
		C5C426711A527BC600044734 /* BMKGroundOverlay.h */ = {isa = PBXFileReference; fileEncoding = 4; lastKnownFileType = sourcecode.c.h; path = BMKGroundOverlay.h; sourceTree = "<group>"; };
		C5C426721A527BC600044734 /* BMKGroundOverlayView.h */ = {isa = PBXFileReference; fileEncoding = 4; lastKnownFileType = sourcecode.c.h; path = BMKGroundOverlayView.h; sourceTree = "<group>"; };
		C5C426731A527BC600044734 /* BMKHeatMap.h */ = {isa = PBXFileReference; fileEncoding = 4; lastKnownFileType = sourcecode.c.h; path = BMKHeatMap.h; sourceTree = "<group>"; };
		C5C426741A527BC600044734 /* BMKLocationComponent.h */ = {isa = PBXFileReference; fileEncoding = 4; lastKnownFileType = sourcecode.c.h; path = BMKLocationComponent.h; sourceTree = "<group>"; };
		C5C426751A527BC600044734 /* BMKLocationService.h */ = {isa = PBXFileReference; fileEncoding = 4; lastKnownFileType = sourcecode.c.h; path = BMKLocationService.h; sourceTree = "<group>"; };
		C5C426761A527BC600044734 /* BMKLocationViewDisplayParam.h */ = {isa = PBXFileReference; fileEncoding = 4; lastKnownFileType = sourcecode.c.h; path = BMKLocationViewDisplayParam.h; sourceTree = "<group>"; };
		C5C426771A527BC600044734 /* BMKMapComponent.h */ = {isa = PBXFileReference; fileEncoding = 4; lastKnownFileType = sourcecode.c.h; path = BMKMapComponent.h; sourceTree = "<group>"; };
		C5C426781A527BC600044734 /* BMKMapManager.h */ = {isa = PBXFileReference; fileEncoding = 4; lastKnownFileType = sourcecode.c.h; path = BMKMapManager.h; sourceTree = "<group>"; };
		C5C426791A527BC600044734 /* BMKMapStatus.h */ = {isa = PBXFileReference; fileEncoding = 4; lastKnownFileType = sourcecode.c.h; path = BMKMapStatus.h; sourceTree = "<group>"; };
		C5C4267A1A527BC600044734 /* BMKMapView.h */ = {isa = PBXFileReference; fileEncoding = 4; lastKnownFileType = sourcecode.c.h; path = BMKMapView.h; sourceTree = "<group>"; };
		C5C4267B1A527BC600044734 /* BMKMultiPoint.h */ = {isa = PBXFileReference; fileEncoding = 4; lastKnownFileType = sourcecode.c.h; path = BMKMultiPoint.h; sourceTree = "<group>"; };
		C5C4267C1A527BC600044734 /* BMKNavigation.h */ = {isa = PBXFileReference; fileEncoding = 4; lastKnownFileType = sourcecode.c.h; path = BMKNavigation.h; sourceTree = "<group>"; };
		C5C4267D1A527BC600044734 /* BMKOfflineMap.h */ = {isa = PBXFileReference; fileEncoding = 4; lastKnownFileType = sourcecode.c.h; path = BMKOfflineMap.h; sourceTree = "<group>"; };
		C5C4267E1A527BC600044734 /* BMKOfflineMapType.h */ = {isa = PBXFileReference; fileEncoding = 4; lastKnownFileType = sourcecode.c.h; path = BMKOfflineMapType.h; sourceTree = "<group>"; };
		C5C4267F1A527BC600044734 /* BMKOverlay.h */ = {isa = PBXFileReference; fileEncoding = 4; lastKnownFileType = sourcecode.c.h; path = BMKOverlay.h; sourceTree = "<group>"; };
		C5C426801A527BC600044734 /* BMKOverlayGLBasicView.h */ = {isa = PBXFileReference; fileEncoding = 4; lastKnownFileType = sourcecode.c.h; path = BMKOverlayGLBasicView.h; sourceTree = "<group>"; };
		C5C426811A527BC600044734 /* BMKOverlayPathView.h */ = {isa = PBXFileReference; fileEncoding = 4; lastKnownFileType = sourcecode.c.h; path = BMKOverlayPathView.h; sourceTree = "<group>"; };
		C5C426821A527BC600044734 /* BMKOverlayView.h */ = {isa = PBXFileReference; fileEncoding = 4; lastKnownFileType = sourcecode.c.h; path = BMKOverlayView.h; sourceTree = "<group>"; };
		C5C426831A527BC600044734 /* BMKPinAnnotationView.h */ = {isa = PBXFileReference; fileEncoding = 4; lastKnownFileType = sourcecode.c.h; path = BMKPinAnnotationView.h; sourceTree = "<group>"; };
		C5C426841A527BC600044734 /* BMKPointAnnotation.h */ = {isa = PBXFileReference; fileEncoding = 4; lastKnownFileType = sourcecode.c.h; path = BMKPointAnnotation.h; sourceTree = "<group>"; };
		C5C426851A527BC600044734 /* BMKPoiSearch.h */ = {isa = PBXFileReference; fileEncoding = 4; lastKnownFileType = sourcecode.c.h; path = BMKPoiSearch.h; sourceTree = "<group>"; };
		C5C426861A527BC600044734 /* BMKPoiSearchOption.h */ = {isa = PBXFileReference; fileEncoding = 4; lastKnownFileType = sourcecode.c.h; path = BMKPoiSearchOption.h; sourceTree = "<group>"; };
		C5C426871A527BC600044734 /* BMKPoiSearchType.h */ = {isa = PBXFileReference; fileEncoding = 4; lastKnownFileType = sourcecode.c.h; path = BMKPoiSearchType.h; sourceTree = "<group>"; };
		C5C426881A527BC600044734 /* BMKPolygon.h */ = {isa = PBXFileReference; fileEncoding = 4; lastKnownFileType = sourcecode.c.h; path = BMKPolygon.h; sourceTree = "<group>"; };
		C5C426891A527BC600044734 /* BMKPolygonView.h */ = {isa = PBXFileReference; fileEncoding = 4; lastKnownFileType = sourcecode.c.h; path = BMKPolygonView.h; sourceTree = "<group>"; };
		C5C4268A1A527BC600044734 /* BMKPolyline.h */ = {isa = PBXFileReference; fileEncoding = 4; lastKnownFileType = sourcecode.c.h; path = BMKPolyline.h; sourceTree = "<group>"; };
		C5C4268B1A527BC600044734 /* BMKPolylineView.h */ = {isa = PBXFileReference; fileEncoding = 4; lastKnownFileType = sourcecode.c.h; path = BMKPolylineView.h; sourceTree = "<group>"; };
		C5C4268C1A527BC600044734 /* BMKRouteSearch.h */ = {isa = PBXFileReference; fileEncoding = 4; lastKnownFileType = sourcecode.c.h; path = BMKRouteSearch.h; sourceTree = "<group>"; };
		C5C4268D1A527BC600044734 /* BMKRouteSearchOption.h */ = {isa = PBXFileReference; fileEncoding = 4; lastKnownFileType = sourcecode.c.h; path = BMKRouteSearchOption.h; sourceTree = "<group>"; };
		C5C4268E1A527BC600044734 /* BMKRouteSearchType.h */ = {isa = PBXFileReference; fileEncoding = 4; lastKnownFileType = sourcecode.c.h; path = BMKRouteSearchType.h; sourceTree = "<group>"; };
		C5C4268F1A527BC600044734 /* BMKSearchComponent.h */ = {isa = PBXFileReference; fileEncoding = 4; lastKnownFileType = sourcecode.c.h; path = BMKSearchComponent.h; sourceTree = "<group>"; };
		C5C426901A527BC600044734 /* BMKShape.h */ = {isa = PBXFileReference; fileEncoding = 4; lastKnownFileType = sourcecode.c.h; path = BMKShape.h; sourceTree = "<group>"; };
		C5C426911A527BC600044734 /* BMKShareURLSearch.h */ = {isa = PBXFileReference; fileEncoding = 4; lastKnownFileType = sourcecode.c.h; path = BMKShareURLSearch.h; sourceTree = "<group>"; };
		C5C426921A527BC600044734 /* BMKShareUrlSearchOption.h */ = {isa = PBXFileReference; fileEncoding = 4; lastKnownFileType = sourcecode.c.h; path = BMKShareUrlSearchOption.h; sourceTree = "<group>"; };
		C5C426931A527BC600044734 /* BMKSuggestionSearch.h */ = {isa = PBXFileReference; fileEncoding = 4; lastKnownFileType = sourcecode.c.h; path = BMKSuggestionSearch.h; sourceTree = "<group>"; };
		C5C426941A527BC600044734 /* BMKSuggestionSearchOption.h */ = {isa = PBXFileReference; fileEncoding = 4; lastKnownFileType = sourcecode.c.h; path = BMKSuggestionSearchOption.h; sourceTree = "<group>"; };
		C5C426951A527BC600044734 /* BMKTypes.h */ = {isa = PBXFileReference; fileEncoding = 4; lastKnownFileType = sourcecode.c.h; path = BMKTypes.h; sourceTree = "<group>"; };
		C5C426961A527BC600044734 /* BMKUserLocation.h */ = {isa = PBXFileReference; fileEncoding = 4; lastKnownFileType = sourcecode.c.h; path = BMKUserLocation.h; sourceTree = "<group>"; };
		C5C426971A527BC600044734 /* BMKUtilsComponent.h */ = {isa = PBXFileReference; fileEncoding = 4; lastKnownFileType = sourcecode.c.h; path = BMKUtilsComponent.h; sourceTree = "<group>"; };
		C5C426981A527BC600044734 /* BMKVersion.h */ = {isa = PBXFileReference; fileEncoding = 4; lastKnownFileType = sourcecode.c.h; path = BMKVersion.h; sourceTree = "<group>"; };
		C5C426991A527BC600044734 /* libbaidumapapi.a */ = {isa = PBXFileReference; lastKnownFileType = archive.ar; path = libbaidumapapi.a; sourceTree = "<group>"; };
		C5C4269A1A527BC600044734 /* mapapi.bundle */ = {isa = PBXFileReference; lastKnownFileType = "wrapper.plug-in"; path = mapapi.bundle; sourceTree = "<group>"; };
		C5C4269B1A527BC600044734 /* readme.txt */ = {isa = PBXFileReference; fileEncoding = 4; lastKnownFileType = text; path = readme.txt; sourceTree = "<group>"; };
		C5C4269F1A527C4900044734 /* CoreLocation.framework */ = {isa = PBXFileReference; lastKnownFileType = wrapper.framework; name = CoreLocation.framework; path = System/Library/Frameworks/CoreLocation.framework; sourceTree = SDKROOT; };
		C5C426A11A527C5500044734 /* QuartzCore.framework */ = {isa = PBXFileReference; lastKnownFileType = wrapper.framework; name = QuartzCore.framework; path = System/Library/Frameworks/QuartzCore.framework; sourceTree = SDKROOT; };
		C5C426A31A527C6200044734 /* OpenGLES.framework */ = {isa = PBXFileReference; lastKnownFileType = wrapper.framework; name = OpenGLES.framework; path = System/Library/Frameworks/OpenGLES.framework; sourceTree = SDKROOT; };
		C5C426A61A527CDF00044734 /* SystemConfiguration.framework */ = {isa = PBXFileReference; lastKnownFileType = wrapper.framework; name = SystemConfiguration.framework; path = System/Library/Frameworks/SystemConfiguration.framework; sourceTree = SDKROOT; };
		C5C426AB1A527D2100044734 /* CoreGraphics.framework */ = {isa = PBXFileReference; lastKnownFileType = wrapper.framework; name = CoreGraphics.framework; path = System/Library/Frameworks/CoreGraphics.framework; sourceTree = SDKROOT; };
		C5C426AD1A527D2E00044734 /* Security.framework */ = {isa = PBXFileReference; lastKnownFileType = wrapper.framework; name = Security.framework; path = System/Library/Frameworks/Security.framework; sourceTree = SDKROOT; };
		C5C426B01A527F1E00044734 /* FBUtils.m */ = {isa = PBXFileReference; fileEncoding = 4; lastKnownFileType = sourcecode.c.objc; path = FBUtils.m; sourceTree = "<group>"; };
		C5C426B11A527F1E00044734 /* FBUtils.h */ = {isa = PBXFileReference; fileEncoding = 4; lastKnownFileType = sourcecode.c.h; path = FBUtils.h; sourceTree = "<group>"; };
		C5C426B31A527F2800044734 /* FBMacro.h */ = {isa = PBXFileReference; fileEncoding = 4; lastKnownFileType = sourcecode.c.h; path = FBMacro.h; sourceTree = "<group>"; };
/* End PBXFileReference section */

/* Begin PBXFrameworksBuildPhase section */
		C5C426291A52559E00044734 /* Frameworks */ = {
			isa = PBXFrameworksBuildPhase;
			buildActionMask = 2147483647;
			files = (
				C5C426AE1A527D2E00044734 /* Security.framework in Frameworks */,
				C5C426AC1A527D2100044734 /* CoreGraphics.framework in Frameworks */,
				C5C426AA1A527D0800044734 /* CoreLocation.framework in Frameworks */,
				C5C426A91A527CFD00044734 /* QuartzCore.framework in Frameworks */,
				C5C426A81A527CF400044734 /* OpenGLES.framework in Frameworks */,
				C5C426A71A527CDF00044734 /* SystemConfiguration.framework in Frameworks */,
				C5C4269C1A527BC600044734 /* libbaidumapapi.a in Frameworks */,
			);
			runOnlyForDeploymentPostprocessing = 0;
		};
		C5C426421A52559E00044734 /* Frameworks */ = {
			isa = PBXFrameworksBuildPhase;
			buildActionMask = 2147483647;
			files = (
			);
			runOnlyForDeploymentPostprocessing = 0;
		};
/* End PBXFrameworksBuildPhase section */

/* Begin PBXGroup section */
		C5C426231A52559E00044734 = {
			isa = PBXGroup;
			children = (
				C5C4262E1A52559E00044734 /* FBMapTool */,
				C5C426481A52559E00044734 /* FBMapToolTests */,
				C5C426A51A527C9A00044734 /* Frameworks */,
				C5C4262D1A52559E00044734 /* Products */,
			);
			sourceTree = "<group>";
		};
		C5C4262D1A52559E00044734 /* Products */ = {
			isa = PBXGroup;
			children = (
				C5C4262C1A52559E00044734 /* FBMapTool.app */,
				C5C426451A52559E00044734 /* FBMapToolTests.xctest */,
			);
			name = Products;
			sourceTree = "<group>";
		};
		C5C4262E1A52559E00044734 /* FBMapTool */ = {
			isa = PBXGroup;
			children = (
				C5C426581A525A6000044734 /* Libs */,
				C5C426331A52559E00044734 /* AppDelegate.h */,
				C5C426341A52559E00044734 /* AppDelegate.mm */,
				C5C426361A52559E00044734 /* ViewController.h */,
				C5C426371A52559E00044734 /* ViewController.m */,
				C5B19D211A5918A700E26A70 /* FBMapViewController.h */,
				C5B19D221A5918A700E26A70 /* FBMapViewController.m */,
				C5C426391A52559E00044734 /* Main.storyboard */,
				C5C4263E1A52559E00044734 /* LaunchScreen.xib */,
				C5C4262F1A52559E00044734 /* Supporting Files */,
			);
			path = FBMapTool;
			sourceTree = "<group>";
		};
		C5C4262F1A52559E00044734 /* Supporting Files */ = {
			isa = PBXGroup;
			children = (
				C5C426591A525A8B00044734 /* Images */,
				C5C4263C1A52559E00044734 /* Images.xcassets */,
				C5C426301A52559E00044734 /* Info.plist */,
				C5C426311A52559E00044734 /* main.m */,
			);
			name = "Supporting Files";
			sourceTree = "<group>";
		};
		C5C426481A52559E00044734 /* FBMapToolTests */ = {
			isa = PBXGroup;
			children = (
				C5C4264B1A52559E00044734 /* FBMapToolTests.m */,
				C5C426491A52559E00044734 /* Supporting Files */,
			);
			path = FBMapToolTests;
			sourceTree = "<group>";
		};
		C5C426491A52559E00044734 /* Supporting Files */ = {
			isa = PBXGroup;
			children = (
				C5C4264A1A52559E00044734 /* Info.plist */,
			);
			name = "Supporting Files";
			sourceTree = "<group>";
		};
		C5C426581A525A6000044734 /* Libs */ = {
			isa = PBXGroup;
			children = (
				C5C426AF1A527EF500044734 /* FBCore */,
				C5C4265A1A527BC600044734 /* BaiduMap_IOSSDK */,
			);
			path = Libs;
			sourceTree = "<group>";
		};
		C5C426591A525A8B00044734 /* Images */ = {
			isa = PBXGroup;
			children = (
			);
			path = Images;
			sourceTree = "<group>";
		};
		C5C4265A1A527BC600044734 /* BaiduMap_IOSSDK */ = {
			isa = PBXGroup;
			children = (
				C5C4265B1A527BC600044734 /* inc */,
				C5C426991A527BC600044734 /* libbaidumapapi.a */,
				C5C4269A1A527BC600044734 /* mapapi.bundle */,
				C5C4269B1A527BC600044734 /* readme.txt */,
			);
			path = BaiduMap_IOSSDK;
			sourceTree = "<group>";
		};
		C5C4265B1A527BC600044734 /* inc */ = {
			isa = PBXGroup;
			children = (
				C5C4265C1A527BC600044734 /* BMapKit.h */,
				C5C4265D1A527BC600044734 /* BMKActionPaopaoView.h */,
				C5C4265E1A527BC600044734 /* BMKAnnotation.h */,
				C5C4265F1A527BC600044734 /* BMKAnnotationView.h */,
				C5C426601A527BC600044734 /* BMKArcline.h */,
				C5C426611A527BC600044734 /* BMKArclineView.h */,
				C5C426621A527BC600044734 /* BMKBaseComponent.h */,
				C5C426631A527BC600044734 /* BMKBusLineSearch.h */,
				C5C426641A527BC600044734 /* BMKBusLineSearchOption.h */,
				C5C426651A527BC600044734 /* BMKCircle.h */,
				C5C426661A527BC600044734 /* BMKCircleView.h */,
				C5C426671A527BC600044734 /* BMKCloudPOIList.h */,
				C5C426681A527BC600044734 /* BMKCloudSearch.h */,
				C5C426691A527BC600044734 /* BMKCloudSearchComponent.h */,
				C5C4266A1A527BC600044734 /* BMKCloudSearchInfo.h */,
				C5C4266B1A527BC600044734 /* BMKGeneralDelegate.h */,
				C5C4266C1A527BC600044734 /* BMKGeocodeSearch.h */,
				C5C4266D1A527BC600044734 /* BMKGeocodeSearchOption.h */,
				C5C4266E1A527BC600044734 /* BMKGeocodeType.h */,
				C5C4266F1A527BC600044734 /* BMKGeometry.h */,
				C5C426701A527BC600044734 /* BMKGradient.h */,
				C5C426711A527BC600044734 /* BMKGroundOverlay.h */,
				C5C426721A527BC600044734 /* BMKGroundOverlayView.h */,
				C5C426731A527BC600044734 /* BMKHeatMap.h */,
				C5C426741A527BC600044734 /* BMKLocationComponent.h */,
				C5C426751A527BC600044734 /* BMKLocationService.h */,
				C5C426761A527BC600044734 /* BMKLocationViewDisplayParam.h */,
				C5C426771A527BC600044734 /* BMKMapComponent.h */,
				C5C426781A527BC600044734 /* BMKMapManager.h */,
				C5C426791A527BC600044734 /* BMKMapStatus.h */,
				C5C4267A1A527BC600044734 /* BMKMapView.h */,
				C5C4267B1A527BC600044734 /* BMKMultiPoint.h */,
				C5C4267C1A527BC600044734 /* BMKNavigation.h */,
				C5C4267D1A527BC600044734 /* BMKOfflineMap.h */,
				C5C4267E1A527BC600044734 /* BMKOfflineMapType.h */,
				C5C4267F1A527BC600044734 /* BMKOverlay.h */,
				C5C426801A527BC600044734 /* BMKOverlayGLBasicView.h */,
				C5C426811A527BC600044734 /* BMKOverlayPathView.h */,
				C5C426821A527BC600044734 /* BMKOverlayView.h */,
				C5C426831A527BC600044734 /* BMKPinAnnotationView.h */,
				C5C426841A527BC600044734 /* BMKPointAnnotation.h */,
				C5C426851A527BC600044734 /* BMKPoiSearch.h */,
				C5C426861A527BC600044734 /* BMKPoiSearchOption.h */,
				C5C426871A527BC600044734 /* BMKPoiSearchType.h */,
				C5C426881A527BC600044734 /* BMKPolygon.h */,
				C5C426891A527BC600044734 /* BMKPolygonView.h */,
				C5C4268A1A527BC600044734 /* BMKPolyline.h */,
				C5C4268B1A527BC600044734 /* BMKPolylineView.h */,
				C5C4268C1A527BC600044734 /* BMKRouteSearch.h */,
				C5C4268D1A527BC600044734 /* BMKRouteSearchOption.h */,
				C5C4268E1A527BC600044734 /* BMKRouteSearchType.h */,
				C5C4268F1A527BC600044734 /* BMKSearchComponent.h */,
				C5C426901A527BC600044734 /* BMKShape.h */,
				C5C426911A527BC600044734 /* BMKShareURLSearch.h */,
				C5C426921A527BC600044734 /* BMKShareUrlSearchOption.h */,
				C5C426931A527BC600044734 /* BMKSuggestionSearch.h */,
				C5C426941A527BC600044734 /* BMKSuggestionSearchOption.h */,
				C5C426951A527BC600044734 /* BMKTypes.h */,
				C5C426961A527BC600044734 /* BMKUserLocation.h */,
				C5C426971A527BC600044734 /* BMKUtilsComponent.h */,
				C5C426981A527BC600044734 /* BMKVersion.h */,
			);
			path = inc;
			sourceTree = "<group>";
		};
		C5C426A51A527C9A00044734 /* Frameworks */ = {
			isa = PBXGroup;
			children = (
				C5C426AD1A527D2E00044734 /* Security.framework */,
				C5C426AB1A527D2100044734 /* CoreGraphics.framework */,
				C5C426A61A527CDF00044734 /* SystemConfiguration.framework */,
				C5C426A31A527C6200044734 /* OpenGLES.framework */,
				C5C426A11A527C5500044734 /* QuartzCore.framework */,
				C5C4269F1A527C4900044734 /* CoreLocation.framework */,
			);
			name = Frameworks;
			sourceTree = "<group>";
		};
		C5C426AF1A527EF500044734 /* FBCore */ = {
			isa = PBXGroup;
			children = (
				C5C426B31A527F2800044734 /* FBMacro.h */,
				C5C426B01A527F1E00044734 /* FBUtils.m */,
				C5C426B11A527F1E00044734 /* FBUtils.h */,
			);
			path = FBCore;
			sourceTree = "<group>";
		};
/* End PBXGroup section */

/* Begin PBXNativeTarget section */
		C5C4262B1A52559E00044734 /* FBMapTool */ = {
			isa = PBXNativeTarget;
			buildConfigurationList = C5C4264F1A52559E00044734 /* Build configuration list for PBXNativeTarget "FBMapTool" */;
			buildPhases = (
				C5C426281A52559E00044734 /* Sources */,
				C5C426291A52559E00044734 /* Frameworks */,
				C5C4262A1A52559E00044734 /* Resources */,
			);
			buildRules = (
			);
			dependencies = (
			);
			name = FBMapTool;
			productName = FBMapTool;
			productReference = C5C4262C1A52559E00044734 /* FBMapTool.app */;
			productType = "com.apple.product-type.application";
		};
		C5C426441A52559E00044734 /* FBMapToolTests */ = {
			isa = PBXNativeTarget;
			buildConfigurationList = C5C426521A52559E00044734 /* Build configuration list for PBXNativeTarget "FBMapToolTests" */;
			buildPhases = (
				C5C426411A52559E00044734 /* Sources */,
				C5C426421A52559E00044734 /* Frameworks */,
				C5C426431A52559E00044734 /* Resources */,
			);
			buildRules = (
			);
			dependencies = (
				C5C426471A52559E00044734 /* PBXTargetDependency */,
			);
			name = FBMapToolTests;
			productName = FBMapToolTests;
			productReference = C5C426451A52559E00044734 /* FBMapToolTests.xctest */;
			productType = "com.apple.product-type.bundle.unit-test";
		};
/* End PBXNativeTarget section */

/* Begin PBXProject section */
		C5C426241A52559E00044734 /* Project object */ = {
			isa = PBXProject;
			attributes = {
				LastUpgradeCheck = 0610;
				ORGANIZATIONNAME = flyingbird;
				TargetAttributes = {
					C5C4262B1A52559E00044734 = {
						CreatedOnToolsVersion = 6.1.1;
						DevelopmentTeam = SLRDBXE3XE;
					};
					C5C426441A52559E00044734 = {
						CreatedOnToolsVersion = 6.1.1;
						TestTargetID = C5C4262B1A52559E00044734;
					};
				};
			};
			buildConfigurationList = C5C426271A52559E00044734 /* Build configuration list for PBXProject "FBMapTool" */;
			compatibilityVersion = "Xcode 3.2";
			developmentRegion = English;
			hasScannedForEncodings = 0;
			knownRegions = (
				en,
				Base,
			);
			mainGroup = C5C426231A52559E00044734;
			productRefGroup = C5C4262D1A52559E00044734 /* Products */;
			projectDirPath = "";
			projectRoot = "";
			targets = (
				C5C4262B1A52559E00044734 /* FBMapTool */,
				C5C426441A52559E00044734 /* FBMapToolTests */,
			);
		};
/* End PBXProject section */

/* Begin PBXResourcesBuildPhase section */
		C5C4262A1A52559E00044734 /* Resources */ = {
			isa = PBXResourcesBuildPhase;
			buildActionMask = 2147483647;
			files = (
				C5C4269E1A527BC600044734 /* readme.txt in Resources */,
				C5C4263B1A52559E00044734 /* Main.storyboard in Resources */,
				C5C4269D1A527BC600044734 /* mapapi.bundle in Resources */,
				C5C426401A52559E00044734 /* LaunchScreen.xib in Resources */,
				C5C4263D1A52559E00044734 /* Images.xcassets in Resources */,
			);
			runOnlyForDeploymentPostprocessing = 0;
		};
		C5C426431A52559E00044734 /* Resources */ = {
			isa = PBXResourcesBuildPhase;
			buildActionMask = 2147483647;
			files = (
			);
			runOnlyForDeploymentPostprocessing = 0;
		};
/* End PBXResourcesBuildPhase section */

/* Begin PBXSourcesBuildPhase section */
		C5C426281A52559E00044734 /* Sources */ = {
			isa = PBXSourcesBuildPhase;
			buildActionMask = 2147483647;
			files = (
				C5C426381A52559E00044734 /* ViewController.m in Sources */,
				C5B19D231A5918A700E26A70 /* FBMapViewController.m in Sources */,
				C5C426B21A527F1E00044734 /* FBUtils.m in Sources */,
				C5C426351A52559E00044734 /* AppDelegate.mm in Sources */,
				C5C426321A52559E00044734 /* main.m in Sources */,
			);
			runOnlyForDeploymentPostprocessing = 0;
		};
		C5C426411A52559E00044734 /* Sources */ = {
			isa = PBXSourcesBuildPhase;
			buildActionMask = 2147483647;
			files = (
				C5C4264C1A52559E00044734 /* FBMapToolTests.m in Sources */,
			);
			runOnlyForDeploymentPostprocessing = 0;
		};
/* End PBXSourcesBuildPhase section */

/* Begin PBXTargetDependency section */
		C5C426471A52559E00044734 /* PBXTargetDependency */ = {
			isa = PBXTargetDependency;
			target = C5C4262B1A52559E00044734 /* FBMapTool */;
			targetProxy = C5C426461A52559E00044734 /* PBXContainerItemProxy */;
		};
/* End PBXTargetDependency section */

/* Begin PBXVariantGroup section */
		C5C426391A52559E00044734 /* Main.storyboard */ = {
			isa = PBXVariantGroup;
			children = (
				C5C4263A1A52559E00044734 /* Base */,
				C5C426551A52598E00044734 /* zh-Hans */,
			);
			name = Main.storyboard;
			sourceTree = "<group>";
		};
		C5C4263E1A52559E00044734 /* LaunchScreen.xib */ = {
			isa = PBXVariantGroup;
			children = (
				C5C4263F1A52559E00044734 /* Base */,
				C5C426561A52598E00044734 /* zh-Hans */,
			);
			name = LaunchScreen.xib;
			sourceTree = "<group>";
		};
/* End PBXVariantGroup section */

/* Begin XCBuildConfiguration section */
		C5C4264D1A52559E00044734 /* Debug */ = {
			isa = XCBuildConfiguration;
			buildSettings = {
				ALWAYS_SEARCH_USER_PATHS = NO;
				CLANG_CXX_LANGUAGE_STANDARD = "gnu++0x";
				CLANG_CXX_LIBRARY = "libc++";
				CLANG_ENABLE_MODULES = YES;
				CLANG_ENABLE_OBJC_ARC = YES;
				CLANG_WARN_BOOL_CONVERSION = YES;
				CLANG_WARN_CONSTANT_CONVERSION = YES;
				CLANG_WARN_DIRECT_OBJC_ISA_USAGE = YES_ERROR;
				CLANG_WARN_EMPTY_BODY = YES;
				CLANG_WARN_ENUM_CONVERSION = YES;
				CLANG_WARN_INT_CONVERSION = YES;
				CLANG_WARN_OBJC_ROOT_CLASS = YES_ERROR;
				CLANG_WARN_UNREACHABLE_CODE = YES;
				CLANG_WARN__DUPLICATE_METHOD_MATCH = YES;
				"CODE_SIGN_IDENTITY[sdk=iphoneos*]" = "iPhone Developer";
				COPY_PHASE_STRIP = NO;
				ENABLE_STRICT_OBJC_MSGSEND = YES;
				GCC_C_LANGUAGE_STANDARD = gnu99;
				GCC_DYNAMIC_NO_PIC = NO;
				GCC_OPTIMIZATION_LEVEL = 0;
				GCC_PREPROCESSOR_DEFINITIONS = (
					"DEBUG=1",
					"$(inherited)",
				);
				GCC_SYMBOLS_PRIVATE_EXTERN = NO;
				GCC_WARN_64_TO_32_BIT_CONVERSION = YES;
				GCC_WARN_ABOUT_RETURN_TYPE = YES_ERROR;
				GCC_WARN_UNDECLARED_SELECTOR = YES;
				GCC_WARN_UNINITIALIZED_AUTOS = YES_AGGRESSIVE;
				GCC_WARN_UNUSED_FUNCTION = YES;
				GCC_WARN_UNUSED_VARIABLE = YES;
				IPHONEOS_DEPLOYMENT_TARGET = 7.0;
				MTL_ENABLE_DEBUG_INFO = YES;
				ONLY_ACTIVE_ARCH = YES;
				SDKROOT = iphoneos;
			};
			name = Debug;
		};
		C5C4264E1A52559E00044734 /* Release */ = {
			isa = XCBuildConfiguration;
			buildSettings = {
				ALWAYS_SEARCH_USER_PATHS = NO;
				CLANG_CXX_LANGUAGE_STANDARD = "gnu++0x";
				CLANG_CXX_LIBRARY = "libc++";
				CLANG_ENABLE_MODULES = YES;
				CLANG_ENABLE_OBJC_ARC = YES;
				CLANG_WARN_BOOL_CONVERSION = YES;
				CLANG_WARN_CONSTANT_CONVERSION = YES;
				CLANG_WARN_DIRECT_OBJC_ISA_USAGE = YES_ERROR;
				CLANG_WARN_EMPTY_BODY = YES;
				CLANG_WARN_ENUM_CONVERSION = YES;
				CLANG_WARN_INT_CONVERSION = YES;
				CLANG_WARN_OBJC_ROOT_CLASS = YES_ERROR;
				CLANG_WARN_UNREACHABLE_CODE = YES;
				CLANG_WARN__DUPLICATE_METHOD_MATCH = YES;
				"CODE_SIGN_IDENTITY[sdk=iphoneos*]" = "iPhone Developer";
				COPY_PHASE_STRIP = YES;
				ENABLE_NS_ASSERTIONS = NO;
				ENABLE_STRICT_OBJC_MSGSEND = YES;
				GCC_C_LANGUAGE_STANDARD = gnu99;
				GCC_WARN_64_TO_32_BIT_CONVERSION = YES;
				GCC_WARN_ABOUT_RETURN_TYPE = YES_ERROR;
				GCC_WARN_UNDECLARED_SELECTOR = YES;
				GCC_WARN_UNINITIALIZED_AUTOS = YES_AGGRESSIVE;
				GCC_WARN_UNUSED_FUNCTION = YES;
				GCC_WARN_UNUSED_VARIABLE = YES;
				IPHONEOS_DEPLOYMENT_TARGET = 7.0;
				MTL_ENABLE_DEBUG_INFO = NO;
				SDKROOT = iphoneos;
				VALIDATE_PRODUCT = YES;
			};
			name = Release;
		};
		C5C426501A52559E00044734 /* Debug */ = {
			isa = XCBuildConfiguration;
			buildSettings = {
				ASSETCATALOG_COMPILER_APPICON_NAME = AppIcon;
				DEVELOPMENT_TEAM = SLRDBXE3XE;
				ENABLE_BITCODE = NO;
				INFOPLIST_FILE = FBMapTool/Info.plist;
				IPHONEOS_DEPLOYMENT_TARGET = 6.0;
				LD_RUNPATH_SEARCH_PATHS = "$(inherited) @executable_path/Frameworks";
				LIBRARY_SEARCH_PATHS = (
					"$(inherited)",
					"$(PROJECT_DIR)/FBMapTool/Libs/BaiduMap_IOSSDK",
				);
				PRODUCT_NAME = "$(TARGET_NAME)";
			};
			name = Debug;
		};
		C5C426511A52559E00044734 /* Release */ = {
			isa = XCBuildConfiguration;
			buildSettings = {
				ASSETCATALOG_COMPILER_APPICON_NAME = AppIcon;
				DEVELOPMENT_TEAM = SLRDBXE3XE;
				ENABLE_BITCODE = NO;
				INFOPLIST_FILE = FBMapTool/Info.plist;
				IPHONEOS_DEPLOYMENT_TARGET = 6.0;
				LD_RUNPATH_SEARCH_PATHS = "$(inherited) @executable_path/Frameworks";
				LIBRARY_SEARCH_PATHS = (
					"$(inherited)",
					"$(PROJECT_DIR)/FBMapTool/Libs/BaiduMap_IOSSDK",
				);
				PRODUCT_NAME = "$(TARGET_NAME)";
			};
			name = Release;
		};
		C5C426531A52559E00044734 /* Debug */ = {
			isa = XCBuildConfiguration;
			buildSettings = {
				BUNDLE_LOADER = "$(TEST_HOST)";
				FRAMEWORK_SEARCH_PATHS = (
					"$(SDKROOT)/Developer/Library/Frameworks",
					"$(inherited)",
				);
				GCC_PREPROCESSOR_DEFINITIONS = (
					"DEBUG=1",
					"$(inherited)",
				);
				INFOPLIST_FILE = FBMapToolTests/Info.plist;
				LD_RUNPATH_SEARCH_PATHS = "$(inherited) @executable_path/Frameworks @loader_path/Frameworks";
				PRODUCT_NAME = "$(TARGET_NAME)";
				TEST_HOST = "$(BUILT_PRODUCTS_DIR)/FBMapTool.app/FBMapTool";
			};
			name = Debug;
		};
		C5C426541A52559E00044734 /* Release */ = {
			isa = XCBuildConfiguration;
			buildSettings = {
				BUNDLE_LOADER = "$(TEST_HOST)";
				FRAMEWORK_SEARCH_PATHS = (
					"$(SDKROOT)/Developer/Library/Frameworks",
					"$(inherited)",
				);
				INFOPLIST_FILE = FBMapToolTests/Info.plist;
				LD_RUNPATH_SEARCH_PATHS = "$(inherited) @executable_path/Frameworks @loader_path/Frameworks";
				PRODUCT_NAME = "$(TARGET_NAME)";
				TEST_HOST = "$(BUILT_PRODUCTS_DIR)/FBMapTool.app/FBMapTool";
			};
			name = Release;
		};
/* End XCBuildConfiguration section */

/* Begin XCConfigurationList section */
		C5C426271A52559E00044734 /* Build configuration list for PBXProject "FBMapTool" */ = {
			isa = XCConfigurationList;
			buildConfigurations = (
				C5C4264D1A52559E00044734 /* Debug */,
				C5C4264E1A52559E00044734 /* Release */,
			);
			defaultConfigurationIsVisible = 0;
			defaultConfigurationName = Release;
		};
		C5C4264F1A52559E00044734 /* Build configuration list for PBXNativeTarget "FBMapTool" */ = {
			isa = XCConfigurationList;
			buildConfigurations = (
				C5C426501A52559E00044734 /* Debug */,
				C5C426511A52559E00044734 /* Release */,
			);
			defaultConfigurationIsVisible = 0;
			defaultConfigurationName = Release;
		};
		C5C426521A52559E00044734 /* Build configuration list for PBXNativeTarget "FBMapToolTests" */ = {
			isa = XCConfigurationList;
			buildConfigurations = (
				C5C426531A52559E00044734 /* Debug */,
				C5C426541A52559E00044734 /* Release */,
			);
			defaultConfigurationIsVisible = 0;
			defaultConfigurationName = Release;
		};
/* End XCConfigurationList section */
	};
	rootObject = C5C426241A52559E00044734 /* Project object */;
}
